// !$*UTF8*$!
{
	archiveVersion = 1;
	classes = {
	};
	objectVersion = 46;
	objects = {

/* Begin PBXBuildFile section */
		46D617BE1E5B2447006FB9B6 /* main.m in Sources */ = {isa = PBXBuildFile; fileRef = 46D617BD1E5B2447006FB9B6 /* main.m */; };
		46D617C11E5B2447006FB9B6 /* AppDelegate.m in Sources */ = {isa = PBXBuildFile; fileRef = 46D617C01E5B2447006FB9B6 /* AppDelegate.m */; };
		46D617C41E5B2447006FB9B6 /* ViewController.m in Sources */ = {isa = PBXBuildFile; fileRef = 46D617C31E5B2447006FB9B6 /* ViewController.m */; };
		46D617C71E5B2447006FB9B6 /* Main.storyboard in Resources */ = {isa = PBXBuildFile; fileRef = 46D617C51E5B2447006FB9B6 /* Main.storyboard */; };
		46D617C91E5B2447006FB9B6 /* Assets.xcassets in Resources */ = {isa = PBXBuildFile; fileRef = 46D617C81E5B2447006FB9B6 /* Assets.xcassets */; };
		46D617CC1E5B2447006FB9B6 /* LaunchScreen.storyboard in Resources */ = {isa = PBXBuildFile; fileRef = 46D617CA1E5B2447006FB9B6 /* LaunchScreen.storyboard */; };
		46D617D41E5B292C006FB9B6 /* IJKMediaFramework.framework in Frameworks */ = {isa = PBXBuildFile; fileRef = 46D617D31E5B292C006FB9B6 /* IJKMediaFramework.framework */; };
		46D617D71E5B29D4006FB9B6 /* VideoToolbox.framework in Frameworks */ = {isa = PBXBuildFile; fileRef = 46D617D61E5B29D4006FB9B6 /* VideoToolbox.framework */; };
		46D617D91E5B29DD006FB9B6 /* OpenGLES.framework in Frameworks */ = {isa = PBXBuildFile; fileRef = 46D617D81E5B29DD006FB9B6 /* OpenGLES.framework */; };
		46D617DB1E5B29E6006FB9B6 /* MobileCoreServices.framework in Frameworks */ = {isa = PBXBuildFile; fileRef = 46D617DA1E5B29E6006FB9B6 /* MobileCoreServices.framework */; };
		46D617DD1E5B29F3006FB9B6 /* MediaPlayer.framework in Frameworks */ = {isa = PBXBuildFile; fileRef = 46D617DC1E5B29F3006FB9B6 /* MediaPlayer.framework */; };
		46D617DF1E5B2A03006FB9B6 /* CoreVideo.framework in Frameworks */ = {isa = PBXBuildFile; fileRef = 46D617DE1E5B2A03006FB9B6 /* CoreVideo.framework */; };
		46D617E11E5B2A09006FB9B6 /* CoreMedia.framework in Frameworks */ = {isa = PBXBuildFile; fileRef = 46D617E01E5B2A09006FB9B6 /* CoreMedia.framework */; };
		46D617E31E5B2A0E006FB9B6 /* AVFoundation.framework in Frameworks */ = {isa = PBXBuildFile; fileRef = 46D617E21E5B2A0E006FB9B6 /* AVFoundation.framework */; };
		46D617E51E5B2A17006FB9B6 /* AudioToolbox.framework in Frameworks */ = {isa = PBXBuildFile; fileRef = 46D617E41E5B2A17006FB9B6 /* AudioToolbox.framework */; };
		46D617EB1E5C6B03006FB9B6 /* YMainViewController.m in Sources */ = {isa = PBXBuildFile; fileRef = 46D617E91E5C6B03006FB9B6 /* YMainViewController.m */; };
		46D617EC1E5C6B03006FB9B6 /* YMainViewController.xib in Resources */ = {isa = PBXBuildFile; fileRef = 46D617EA1E5C6B03006FB9B6 /* YMainViewController.xib */; };
		46D617F21E5C6D37006FB9B6 /* YLiveTableViewCell.m in Sources */ = {isa = PBXBuildFile; fileRef = 46D617F01E5C6D37006FB9B6 /* YLiveTableViewCell.m */; };
		46D617F31E5C6D37006FB9B6 /* YLiveTableViewCell.xib in Resources */ = {isa = PBXBuildFile; fileRef = 46D617F11E5C6D37006FB9B6 /* YLiveTableViewCell.xib */; };
		46D617F71E5C7421006FB9B6 /* UITableViewCell+YAdd.m in Sources */ = {isa = PBXBuildFile; fileRef = 46D617F61E5C7421006FB9B6 /* UITableViewCell+YAdd.m */; };
		46D617FE1E5C797B006FB9B6 /* YBaseModel.m in Sources */ = {isa = PBXBuildFile; fileRef = 46D617FD1E5C797B006FB9B6 /* YBaseModel.m */; };
		46D618011E5C79FE006FB9B6 /* YLiveModel.m in Sources */ = {isa = PBXBuildFile; fileRef = 46D618001E5C79FE006FB9B6 /* YLiveModel.m */; };
		46D618041E5C7A26006FB9B6 /* YCreatorModel.m in Sources */ = {isa = PBXBuildFile; fileRef = 46D618031E5C7A26006FB9B6 /* YCreatorModel.m */; };
		46D618091E5DB132006FB9B6 /* YLiveViewController.m in Sources */ = {isa = PBXBuildFile; fileRef = 46D618071E5DB132006FB9B6 /* YLiveViewController.m */; };
		46D6180A1E5DB132006FB9B6 /* YLiveViewController.xib in Resources */ = {isa = PBXBuildFile; fileRef = 46D618081E5DB132006FB9B6 /* YLiveViewController.xib */; };
		AB93819D0E46AFD291FF9C97 /* libPods-YInkeLiveDemo.a in Frameworks */ = {isa = PBXBuildFile; fileRef = D1B470257B00B3433EF4B7B5 /* libPods-YInkeLiveDemo.a */; };
/* End PBXBuildFile section */

/* Begin PBXFileReference section */
		3BBC165137058DD20E126BE0 /* Pods-YInkeLiveDemo.release.xcconfig */ = {isa = PBXFileReference; includeInIndex = 1; lastKnownFileType = text.xcconfig; name = "Pods-YInkeLiveDemo.release.xcconfig"; path = "Pods/Target Support Files/Pods-YInkeLiveDemo/Pods-YInkeLiveDemo.release.xcconfig"; sourceTree = "<group>"; };
		3E028F0D6BCDEBFDA2FB7405 /* Pods-YInkeLiveDemo.debug.xcconfig */ = {isa = PBXFileReference; includeInIndex = 1; lastKnownFileType = text.xcconfig; name = "Pods-YInkeLiveDemo.debug.xcconfig"; path = "Pods/Target Support Files/Pods-YInkeLiveDemo/Pods-YInkeLiveDemo.debug.xcconfig"; sourceTree = "<group>"; };
		46D617B91E5B2447006FB9B6 /* YInkeLiveDemo.app */ = {isa = PBXFileReference; explicitFileType = wrapper.application; includeInIndex = 0; path = YInkeLiveDemo.app; sourceTree = BUILT_PRODUCTS_DIR; };
		46D617BD1E5B2447006FB9B6 /* main.m */ = {isa = PBXFileReference; lastKnownFileType = sourcecode.c.objc; path = main.m; sourceTree = "<group>"; };
		46D617BF1E5B2447006FB9B6 /* AppDelegate.h */ = {isa = PBXFileReference; lastKnownFileType = sourcecode.c.h; path = AppDelegate.h; sourceTree = "<group>"; };
		46D617C01E5B2447006FB9B6 /* AppDelegate.m */ = {isa = PBXFileReference; lastKnownFileType = sourcecode.c.objc; path = AppDelegate.m; sourceTree = "<group>"; };
		46D617C21E5B2447006FB9B6 /* ViewController.h */ = {isa = PBXFileReference; lastKnownFileType = sourcecode.c.h; path = ViewController.h; sourceTree = "<group>"; };
		46D617C31E5B2447006FB9B6 /* ViewController.m */ = {isa = PBXFileReference; lastKnownFileType = sourcecode.c.objc; path = ViewController.m; sourceTree = "<group>"; };
		46D617C61E5B2447006FB9B6 /* Base */ = {isa = PBXFileReference; lastKnownFileType = file.storyboard; name = Base; path = Base.lproj/Main.storyboard; sourceTree = "<group>"; };
		46D617C81E5B2447006FB9B6 /* Assets.xcassets */ = {isa = PBXFileReference; lastKnownFileType = folder.assetcatalog; path = Assets.xcassets; sourceTree = "<group>"; };
		46D617CB1E5B2447006FB9B6 /* Base */ = {isa = PBXFileReference; lastKnownFileType = file.storyboard; name = Base; path = Base.lproj/LaunchScreen.storyboard; sourceTree = "<group>"; };
		46D617CD1E5B2447006FB9B6 /* Info.plist */ = {isa = PBXFileReference; lastKnownFileType = text.plist.xml; path = Info.plist; sourceTree = "<group>"; };
		46D617D31E5B292C006FB9B6 /* IJKMediaFramework.framework */ = {isa = PBXFileReference; lastKnownFileType = wrapper.framework; path = IJKMediaFramework.framework; sourceTree = "<group>"; };
		46D617D51E5B2968006FB9B6 /* YInkeLiveDemo.pch */ = {isa = PBXFileReference; fileEncoding = 4; lastKnownFileType = sourcecode.c.h; path = YInkeLiveDemo.pch; sourceTree = "<group>"; };
		46D617D61E5B29D4006FB9B6 /* VideoToolbox.framework */ = {isa = PBXFileReference; lastKnownFileType = wrapper.framework; name = VideoToolbox.framework; path = System/Library/Frameworks/VideoToolbox.framework; sourceTree = SDKROOT; };
		46D617D81E5B29DD006FB9B6 /* OpenGLES.framework */ = {isa = PBXFileReference; lastKnownFileType = wrapper.framework; name = OpenGLES.framework; path = System/Library/Frameworks/OpenGLES.framework; sourceTree = SDKROOT; };
		46D617DA1E5B29E6006FB9B6 /* MobileCoreServices.framework */ = {isa = PBXFileReference; lastKnownFileType = wrapper.framework; name = MobileCoreServices.framework; path = System/Library/Frameworks/MobileCoreServices.framework; sourceTree = SDKROOT; };
		46D617DC1E5B29F3006FB9B6 /* MediaPlayer.framework */ = {isa = PBXFileReference; lastKnownFileType = wrapper.framework; name = MediaPlayer.framework; path = System/Library/Frameworks/MediaPlayer.framework; sourceTree = SDKROOT; };
		46D617DE1E5B2A03006FB9B6 /* CoreVideo.framework */ = {isa = PBXFileReference; lastKnownFileType = wrapper.framework; name = CoreVideo.framework; path = System/Library/Frameworks/CoreVideo.framework; sourceTree = SDKROOT; };
		46D617E01E5B2A09006FB9B6 /* CoreMedia.framework */ = {isa = PBXFileReference; lastKnownFileType = wrapper.framework; name = CoreMedia.framework; path = System/Library/Frameworks/CoreMedia.framework; sourceTree = SDKROOT; };
		46D617E21E5B2A0E006FB9B6 /* AVFoundation.framework */ = {isa = PBXFileReference; lastKnownFileType = wrapper.framework; name = AVFoundation.framework; path = System/Library/Frameworks/AVFoundation.framework; sourceTree = SDKROOT; };
		46D617E41E5B2A17006FB9B6 /* AudioToolbox.framework */ = {isa = PBXFileReference; lastKnownFileType = wrapper.framework; name = AudioToolbox.framework; path = System/Library/Frameworks/AudioToolbox.framework; sourceTree = SDKROOT; };
		46D617E81E5C6B03006FB9B6 /* YMainViewController.h */ = {isa = PBXFileReference; fileEncoding = 4; lastKnownFileType = sourcecode.c.h; path = YMainViewController.h; sourceTree = "<group>"; };
		46D617E91E5C6B03006FB9B6 /* YMainViewController.m */ = {isa = PBXFileReference; fileEncoding = 4; lastKnownFileType = sourcecode.c.objc; path = YMainViewController.m; sourceTree = "<group>"; };
		46D617EA1E5C6B03006FB9B6 /* YMainViewController.xib */ = {isa = PBXFileReference; fileEncoding = 4; lastKnownFileType = file.xib; path = YMainViewController.xib; sourceTree = "<group>"; };
		46D617EF1E5C6D37006FB9B6 /* YLiveTableViewCell.h */ = {isa = PBXFileReference; fileEncoding = 4; lastKnownFileType = sourcecode.c.h; path = YLiveTableViewCell.h; sourceTree = "<group>"; };
		46D617F01E5C6D37006FB9B6 /* YLiveTableViewCell.m */ = {isa = PBXFileReference; fileEncoding = 4; lastKnownFileType = sourcecode.c.objc; path = YLiveTableViewCell.m; sourceTree = "<group>"; };
		46D617F11E5C6D37006FB9B6 /* YLiveTableViewCell.xib */ = {isa = PBXFileReference; fileEncoding = 4; lastKnownFileType = file.xib; path = YLiveTableViewCell.xib; sourceTree = "<group>"; };
		46D617F51E5C7421006FB9B6 /* UITableViewCell+YAdd.h */ = {isa = PBXFileReference; fileEncoding = 4; lastKnownFileType = sourcecode.c.h; path = "UITableViewCell+YAdd.h"; sourceTree = "<group>"; };
		46D617F61E5C7421006FB9B6 /* UITableViewCell+YAdd.m */ = {isa = PBXFileReference; fileEncoding = 4; lastKnownFileType = sourcecode.c.objc; path = "UITableViewCell+YAdd.m"; sourceTree = "<group>"; };
		46D617FC1E5C797B006FB9B6 /* YBaseModel.h */ = {isa = PBXFileReference; fileEncoding = 4; lastKnownFileType = sourcecode.c.h; path = YBaseModel.h; sourceTree = "<group>"; };
		46D617FD1E5C797B006FB9B6 /* YBaseModel.m */ = {isa = PBXFileReference; fileEncoding = 4; lastKnownFileType = sourcecode.c.objc; path = YBaseModel.m; sourceTree = "<group>"; };
		46D617FF1E5C79FE006FB9B6 /* YLiveModel.h */ = {isa = PBXFileReference; fileEncoding = 4; lastKnownFileType = sourcecode.c.h; path = YLiveModel.h; sourceTree = "<group>"; };
		46D618001E5C79FE006FB9B6 /* YLiveModel.m */ = {isa = PBXFileReference; fileEncoding = 4; lastKnownFileType = sourcecode.c.objc; path = YLiveModel.m; sourceTree = "<group>"; };
		46D618021E5C7A26006FB9B6 /* YCreatorModel.h */ = {isa = PBXFileReference; fileEncoding = 4; lastKnownFileType = sourcecode.c.h; path = YCreatorModel.h; sourceTree = "<group>"; };
		46D618031E5C7A26006FB9B6 /* YCreatorModel.m */ = {isa = PBXFileReference; fileEncoding = 4; lastKnownFileType = sourcecode.c.objc; path = YCreatorModel.m; sourceTree = "<group>"; };
		46D618061E5DB132006FB9B6 /* YLiveViewController.h */ = {isa = PBXFileReference; fileEncoding = 4; lastKnownFileType = sourcecode.c.h; path = YLiveViewController.h; sourceTree = "<group>"; };
		46D618071E5DB132006FB9B6 /* YLiveViewController.m */ = {isa = PBXFileReference; fileEncoding = 4; lastKnownFileType = sourcecode.c.objc; path = YLiveViewController.m; sourceTree = "<group>"; };
		46D618081E5DB132006FB9B6 /* YLiveViewController.xib */ = {isa = PBXFileReference; fileEncoding = 4; lastKnownFileType = file.xib; path = YLiveViewController.xib; sourceTree = "<group>"; };
		D1B470257B00B3433EF4B7B5 /* libPods-YInkeLiveDemo.a */ = {isa = PBXFileReference; explicitFileType = archive.ar; includeInIndex = 0; path = "libPods-YInkeLiveDemo.a"; sourceTree = BUILT_PRODUCTS_DIR; };
/* End PBXFileReference section */

/* Begin PBXFrameworksBuildPhase section */
		46D617B61E5B2447006FB9B6 /* Frameworks */ = {
			isa = PBXFrameworksBuildPhase;
			buildActionMask = 2147483647;
			files = (
				46D617E51E5B2A17006FB9B6 /* AudioToolbox.framework in Frameworks */,
				46D617E31E5B2A0E006FB9B6 /* AVFoundation.framework in Frameworks */,
				46D617E11E5B2A09006FB9B6 /* CoreMedia.framework in Frameworks */,
				46D617DF1E5B2A03006FB9B6 /* CoreVideo.framework in Frameworks */,
				46D617DD1E5B29F3006FB9B6 /* MediaPlayer.framework in Frameworks */,
				46D617DB1E5B29E6006FB9B6 /* MobileCoreServices.framework in Frameworks */,
				46D617D91E5B29DD006FB9B6 /* OpenGLES.framework in Frameworks */,
				46D617D71E5B29D4006FB9B6 /* VideoToolbox.framework in Frameworks */,
				AB93819D0E46AFD291FF9C97 /* libPods-YInkeLiveDemo.a in Frameworks */,
				46D617D41E5B292C006FB9B6 /* IJKMediaFramework.framework in Frameworks */,
			);
			runOnlyForDeploymentPostprocessing = 0;
		};
/* End PBXFrameworksBuildPhase section */

/* Begin PBXGroup section */
		1D08891D7B352619F87CBE02 /* Pods */ = {
			isa = PBXGroup;
			children = (
				3E028F0D6BCDEBFDA2FB7405 /* Pods-YInkeLiveDemo.debug.xcconfig */,
				3BBC165137058DD20E126BE0 /* Pods-YInkeLiveDemo.release.xcconfig */,
			);
			name = Pods;
			sourceTree = "<group>";
		};
		46D617B01E5B2447006FB9B6 = {
			isa = PBXGroup;
			children = (
				46D617BB1E5B2447006FB9B6 /* YInkeLiveDemo */,
				46D617BA1E5B2447006FB9B6 /* Products */,
				1D08891D7B352619F87CBE02 /* Pods */,
				57D3CD83476172B5A8E79657 /* Frameworks */,
			);
			sourceTree = "<group>";
		};
		46D617BA1E5B2447006FB9B6 /* Products */ = {
			isa = PBXGroup;
			children = (
				46D617B91E5B2447006FB9B6 /* YInkeLiveDemo.app */,
			);
			name = Products;
			sourceTree = "<group>";
		};
		46D617BB1E5B2447006FB9B6 /* YInkeLiveDemo */ = {
			isa = PBXGroup;
			children = (
				46D617E61E5C6A4A006FB9B6 /* Classes */,
				46D617BF1E5B2447006FB9B6 /* AppDelegate.h */,
				46D617C01E5B2447006FB9B6 /* AppDelegate.m */,
				46D617C21E5B2447006FB9B6 /* ViewController.h */,
				46D617C31E5B2447006FB9B6 /* ViewController.m */,
				46D617C51E5B2447006FB9B6 /* Main.storyboard */,
				46D617C81E5B2447006FB9B6 /* Assets.xcassets */,
				46D617CA1E5B2447006FB9B6 /* LaunchScreen.storyboard */,
				46D617CD1E5B2447006FB9B6 /* Info.plist */,
				46D617BC1E5B2447006FB9B6 /* Supporting Files */,
			);
			path = YInkeLiveDemo;
			sourceTree = "<group>";
		};
		46D617BC1E5B2447006FB9B6 /* Supporting Files */ = {
			isa = PBXGroup;
			children = (
				46D617D31E5B292C006FB9B6 /* IJKMediaFramework.framework */,
				46D617BD1E5B2447006FB9B6 /* main.m */,
				46D617D51E5B2968006FB9B6 /* YInkeLiveDemo.pch */,
			);
			name = "Supporting Files";
			sourceTree = "<group>";
		};
		46D617E61E5C6A4A006FB9B6 /* Classes */ = {
			isa = PBXGroup;
			children = (
				46D618051E5DB11E006FB9B6 /* Live */,
				46D617F81E5C7952006FB9B6 /* YPublic */,
				46D617F41E5C73F3006FB9B6 /* YCategories */,
				46D617E71E5C6A4A006FB9B6 /* Main */,
			);
			path = Classes;
			sourceTree = "<group>";
		};
		46D617E71E5C6A4A006FB9B6 /* Main */ = {
			isa = PBXGroup;
			children = (
				46D617E81E5C6B03006FB9B6 /* YMainViewController.h */,
				46D617E91E5C6B03006FB9B6 /* YMainViewController.m */,
				46D617EA1E5C6B03006FB9B6 /* YMainViewController.xib */,
				46D617ED1E5C6C6D006FB9B6 /* Model */,
				46D617EE1E5C6C6D006FB9B6 /* View */,
			);
			path = Main;
			sourceTree = "<group>";
		};
		46D617ED1E5C6C6D006FB9B6 /* Model */ = {
			isa = PBXGroup;
			children = (
				46D617FF1E5C79FE006FB9B6 /* YLiveModel.h */,
				46D618001E5C79FE006FB9B6 /* YLiveModel.m */,
				46D618021E5C7A26006FB9B6 /* YCreatorModel.h */,
				46D618031E5C7A26006FB9B6 /* YCreatorModel.m */,
			);
			path = Model;
			sourceTree = "<group>";
		};
		46D617EE1E5C6C6D006FB9B6 /* View */ = {
			isa = PBXGroup;
			children = (
				46D617EF1E5C6D37006FB9B6 /* YLiveTableViewCell.h */,
				46D617F01E5C6D37006FB9B6 /* YLiveTableViewCell.m */,
				46D617F11E5C6D37006FB9B6 /* YLiveTableViewCell.xib */,
			);
			path = View;
			sourceTree = "<group>";
		};
		46D617F41E5C73F3006FB9B6 /* YCategories */ = {
			isa = PBXGroup;
			children = (
				46D617F51E5C7421006FB9B6 /* UITableViewCell+YAdd.h */,
				46D617F61E5C7421006FB9B6 /* UITableViewCell+YAdd.m */,
			);
			path = YCategories;
			sourceTree = "<group>";
		};
		46D617F81E5C7952006FB9B6 /* YPublic */ = {
			isa = PBXGroup;
			children = (
				46D617FC1E5C797B006FB9B6 /* YBaseModel.h */,
				46D617FD1E5C797B006FB9B6 /* YBaseModel.m */,
			);
			path = YPublic;
			sourceTree = "<group>";
		};
		46D618051E5DB11E006FB9B6 /* Live */ = {
			isa = PBXGroup;
			children = (
				46D618061E5DB132006FB9B6 /* YLiveViewController.h */,
				46D618071E5DB132006FB9B6 /* YLiveViewController.m */,
				46D618081E5DB132006FB9B6 /* YLiveViewController.xib */,
				46D6180B1E5DB150006FB9B6 /* Model */,
				46D6180C1E5DB150006FB9B6 /* View */,
			);
			path = Live;
			sourceTree = "<group>";
		};
		46D6180B1E5DB150006FB9B6 /* Model */ = {
			isa = PBXGroup;
			children = (
			);
			path = Model;
			sourceTree = "<group>";
		};
		46D6180C1E5DB150006FB9B6 /* View */ = {
			isa = PBXGroup;
			children = (
			);
			path = View;
			sourceTree = "<group>";
		};
		57D3CD83476172B5A8E79657 /* Frameworks */ = {
			isa = PBXGroup;
			children = (
				46D617E41E5B2A17006FB9B6 /* AudioToolbox.framework */,
				46D617E21E5B2A0E006FB9B6 /* AVFoundation.framework */,
				46D617E01E5B2A09006FB9B6 /* CoreMedia.framework */,
				46D617DE1E5B2A03006FB9B6 /* CoreVideo.framework */,
				46D617DC1E5B29F3006FB9B6 /* MediaPlayer.framework */,
				46D617DA1E5B29E6006FB9B6 /* MobileCoreServices.framework */,
				46D617D81E5B29DD006FB9B6 /* OpenGLES.framework */,
				46D617D61E5B29D4006FB9B6 /* VideoToolbox.framework */,
				D1B470257B00B3433EF4B7B5 /* libPods-YInkeLiveDemo.a */,
			);
			name = Frameworks;
			sourceTree = "<group>";
		};
/* End PBXGroup section */

/* Begin PBXNativeTarget section */
		46D617B81E5B2447006FB9B6 /* YInkeLiveDemo */ = {
			isa = PBXNativeTarget;
			buildConfigurationList = 46D617D01E5B2447006FB9B6 /* Build configuration list for PBXNativeTarget "YInkeLiveDemo" */;
			buildPhases = (
				5964A1936D10686D6A06D908 /* [CP] Check Pods Manifest.lock */,
				46D617B51E5B2447006FB9B6 /* Sources */,
				46D617B61E5B2447006FB9B6 /* Frameworks */,
				46D617B71E5B2447006FB9B6 /* Resources */,
				714B3FBA80C86DA09FCEADE8 /* [CP] Embed Pods Frameworks */,
				5B5D6142AD6AF5B0E4931770 /* [CP] Copy Pods Resources */,
			);
			buildRules = (
			);
			dependencies = (
			);
			name = YInkeLiveDemo;
			productName = YInkeLiveDemo;
			productReference = 46D617B91E5B2447006FB9B6 /* YInkeLiveDemo.app */;
			productType = "com.apple.product-type.application";
		};
/* End PBXNativeTarget section */

/* Begin PBXProject section */
		46D617B11E5B2447006FB9B6 /* Project object */ = {
			isa = PBXProject;
			attributes = {
				LastUpgradeCheck = 0820;
				ORGANIZATIONNAME = YXW;
				TargetAttributes = {
					46D617B81E5B2447006FB9B6 = {
						CreatedOnToolsVersion = 8.2.1;
						DevelopmentTeam = WVNBUP4CB4;
						ProvisioningStyle = Automatic;
						SystemCapabilities = {
							com.apple.BackgroundModes = {
								enabled = 0;
							};
						};
					};
				};
			};
			buildConfigurationList = 46D617B41E5B2447006FB9B6 /* Build configuration list for PBXProject "YInkeLiveDemo" */;
			compatibilityVersion = "Xcode 3.2";
			developmentRegion = English;
			hasScannedForEncodings = 0;
			knownRegions = (
				en,
				Base,
			);
			mainGroup = 46D617B01E5B2447006FB9B6;
			productRefGroup = 46D617BA1E5B2447006FB9B6 /* Products */;
			projectDirPath = "";
			projectRoot = "";
			targets = (
				46D617B81E5B2447006FB9B6 /* YInkeLiveDemo */,
			);
		};
/* End PBXProject section */

/* Begin PBXResourcesBuildPhase section */
		46D617B71E5B2447006FB9B6 /* Resources */ = {
			isa = PBXResourcesBuildPhase;
			buildActionMask = 2147483647;
			files = (
				46D6180A1E5DB132006FB9B6 /* YLiveViewController.xib in Resources */,
				46D617CC1E5B2447006FB9B6 /* LaunchScreen.storyboard in Resources */,
				46D617F31E5C6D37006FB9B6 /* YLiveTableViewCell.xib in Resources */,
				46D617EC1E5C6B03006FB9B6 /* YMainViewController.xib in Resources */,
				46D617C91E5B2447006FB9B6 /* Assets.xcassets in Resources */,
				46D617C71E5B2447006FB9B6 /* Main.storyboard in Resources */,
			);
			runOnlyForDeploymentPostprocessing = 0;
		};
/* End PBXResourcesBuildPhase section */

/* Begin PBXShellScriptBuildPhase section */
		5964A1936D10686D6A06D908 /* [CP] Check Pods Manifest.lock */ = {
			isa = PBXShellScriptBuildPhase;
			buildActionMask = 2147483647;
			files = (
			);
			inputPaths = (
			);
			name = "[CP] Check Pods Manifest.lock";
			outputPaths = (
			);
			runOnlyForDeploymentPostprocessing = 0;
			shellPath = /bin/sh;
			shellScript = "diff \"${PODS_ROOT}/../Podfile.lock\" \"${PODS_ROOT}/Manifest.lock\" > /dev/null\nif [ $? != 0 ] ; then\n    # print error to STDERR\n    echo \"error: The sandbox is not in sync with the Podfile.lock. Run 'pod install' or update your CocoaPods installation.\" >&2\n    exit 1\nfi\n";
			showEnvVarsInLog = 0;
		};
		5B5D6142AD6AF5B0E4931770 /* [CP] Copy Pods Resources */ = {
			isa = PBXShellScriptBuildPhase;
			buildActionMask = 2147483647;
			files = (
			);
			inputPaths = (
			);
			name = "[CP] Copy Pods Resources";
			outputPaths = (
			);
			runOnlyForDeploymentPostprocessing = 0;
			shellPath = /bin/sh;
			shellScript = "\"${SRCROOT}/Pods/Target Support Files/Pods-YInkeLiveDemo/Pods-YInkeLiveDemo-resources.sh\"\n";
			showEnvVarsInLog = 0;
		};
		714B3FBA80C86DA09FCEADE8 /* [CP] Embed Pods Frameworks */ = {
			isa = PBXShellScriptBuildPhase;
			buildActionMask = 2147483647;
			files = (
			);
			inputPaths = (
			);
			name = "[CP] Embed Pods Frameworks";
			outputPaths = (
			);
			runOnlyForDeploymentPostprocessing = 0;
			shellPath = /bin/sh;
			shellScript = "\"${SRCROOT}/Pods/Target Support Files/Pods-YInkeLiveDemo/Pods-YInkeLiveDemo-frameworks.sh\"\n";
			showEnvVarsInLog = 0;
		};
/* End PBXShellScriptBuildPhase section */

/* Begin PBXSourcesBuildPhase section */
		46D617B51E5B2447006FB9B6 /* Sources */ = {
			isa = PBXSourcesBuildPhase;
			buildActionMask = 2147483647;
			files = (
				46D617C41E5B2447006FB9B6 /* ViewController.m in Sources */,
				46D618011E5C79FE006FB9B6 /* YLiveModel.m in Sources */,
				46D617F71E5C7421006FB9B6 /* UITableViewCell+YAdd.m in Sources */,
				46D618041E5C7A26006FB9B6 /* YCreatorModel.m in Sources */,
				46D618091E5DB132006FB9B6 /* YLiveViewController.m in Sources */,
				46D617FE1E5C797B006FB9B6 /* YBaseModel.m in Sources */,
				46D617EB1E5C6B03006FB9B6 /* YMainViewController.m in Sources */,
				46D617C11E5B2447006FB9B6 /* AppDelegate.m in Sources */,
				46D617F21E5C6D37006FB9B6 /* YLiveTableViewCell.m in Sources */,
				46D617BE1E5B2447006FB9B6 /* main.m in Sources */,
			);
			runOnlyForDeploymentPostprocessing = 0;
		};
/* End PBXSourcesBuildPhase section */

/* Begin PBXVariantGroup section */
		46D617C51E5B2447006FB9B6 /* Main.storyboard */ = {
			isa = PBXVariantGroup;
			children = (
				46D617C61E5B2447006FB9B6 /* Base */,
			);
			name = Main.storyboard;
			sourceTree = "<group>";
		};
		46D617CA1E5B2447006FB9B6 /* LaunchScreen.storyboard */ = {
			isa = PBXVariantGroup;
			children = (
				46D617CB1E5B2447006FB9B6 /* Base */,
			);
			name = LaunchScreen.storyboard;
			sourceTree = "<group>";
		};
/* End PBXVariantGroup section */

/* Begin XCBuildConfiguration section */
		46D617CE1E5B2447006FB9B6 /* Debug */ = {
			isa = XCBuildConfiguration;
			buildSettings = {
				ALWAYS_SEARCH_USER_PATHS = NO;
				CLANG_ANALYZER_NONNULL = YES;
				CLANG_CXX_LANGUAGE_STANDARD = "gnu++0x";
				CLANG_CXX_LIBRARY = "libc++";
				CLANG_ENABLE_MODULES = YES;
				CLANG_ENABLE_OBJC_ARC = YES;
				CLANG_WARN_BOOL_CONVERSION = YES;
				CLANG_WARN_CONSTANT_CONVERSION = YES;
				CLANG_WARN_DIRECT_OBJC_ISA_USAGE = YES_ERROR;
				CLANG_WARN_DOCUMENTATION_COMMENTS = YES;
				CLANG_WARN_EMPTY_BODY = YES;
				CLANG_WARN_ENUM_CONVERSION = YES;
				CLANG_WARN_INFINITE_RECURSION = YES;
				CLANG_WARN_INT_CONVERSION = YES;
				CLANG_WARN_OBJC_ROOT_CLASS = YES_ERROR;
				CLANG_WARN_SUSPICIOUS_MOVE = YES;
				CLANG_WARN_UNREACHABLE_CODE = YES;
				CLANG_WARN__DUPLICATE_METHOD_MATCH = YES;
				"CODE_SIGN_IDENTITY[sdk=iphoneos*]" = "iPhone Developer";
				COPY_PHASE_STRIP = NO;
				DEBUG_INFORMATION_FORMAT = dwarf;
				ENABLE_STRICT_OBJC_MSGSEND = YES;
				ENABLE_TESTABILITY = YES;
				GCC_C_LANGUAGE_STANDARD = gnu99;
				GCC_DYNAMIC_NO_PIC = NO;
				GCC_NO_COMMON_BLOCKS = YES;
				GCC_OPTIMIZATION_LEVEL = 0;
				GCC_PREPROCESSOR_DEFINITIONS = (
					"DEBUG=1",
					"$(inherited)",
				);
				GCC_WARN_64_TO_32_BIT_CONVERSION = YES;
				GCC_WARN_ABOUT_RETURN_TYPE = YES_ERROR;
				GCC_WARN_UNDECLARED_SELECTOR = YES;
				GCC_WARN_UNINITIALIZED_AUTOS = YES_AGGRESSIVE;
				GCC_WARN_UNUSED_FUNCTION = YES;
				GCC_WARN_UNUSED_VARIABLE = YES;
				IPHONEOS_DEPLOYMENT_TARGET = 10.2;
				MTL_ENABLE_DEBUG_INFO = YES;
				ONLY_ACTIVE_ARCH = YES;
				SDKROOT = iphoneos;
			};
			name = Debug;
		};
		46D617CF1E5B2447006FB9B6 /* Release */ = {
			isa = XCBuildConfiguration;
			buildSettings = {
				ALWAYS_SEARCH_USER_PATHS = NO;
				CLANG_ANALYZER_NONNULL = YES;
				CLANG_CXX_LANGUAGE_STANDARD = "gnu++0x";
				CLANG_CXX_LIBRARY = "libc++";
				CLANG_ENABLE_MODULES = YES;
				CLANG_ENABLE_OBJC_ARC = YES;
				CLANG_WARN_BOOL_CONVERSION = YES;
				CLANG_WARN_CONSTANT_CONVERSION = YES;
				CLANG_WARN_DIRECT_OBJC_ISA_USAGE = YES_ERROR;
				CLANG_WARN_DOCUMENTATION_COMMENTS = YES;
				CLANG_WARN_EMPTY_BODY = YES;
				CLANG_WARN_ENUM_CONVERSION = YES;
				CLANG_WARN_INFINITE_RECURSION = YES;
				CLANG_WARN_INT_CONVERSION = YES;
				CLANG_WARN_OBJC_ROOT_CLASS = YES_ERROR;
				CLANG_WARN_SUSPICIOUS_MOVE = YES;
				CLANG_WARN_UNREACHABLE_CODE = YES;
				CLANG_WARN__DUPLICATE_METHOD_MATCH = YES;
				"CODE_SIGN_IDENTITY[sdk=iphoneos*]" = "iPhone Developer";
				COPY_PHASE_STRIP = NO;
				DEBUG_INFORMATION_FORMAT = "dwarf-with-dsym";
				ENABLE_NS_ASSERTIONS = NO;
				ENABLE_STRICT_OBJC_MSGSEND = YES;
				GCC_C_LANGUAGE_STANDARD = gnu99;
				GCC_NO_COMMON_BLOCKS = YES;
				GCC_WARN_64_TO_32_BIT_CONVERSION = YES;
				GCC_WARN_ABOUT_RETURN_TYPE = YES_ERROR;
				GCC_WARN_UNDECLARED_SELECTOR = YES;
				GCC_WARN_UNINITIALIZED_AUTOS = YES_AGGRESSIVE;
				GCC_WARN_UNUSED_FUNCTION = YES;
				GCC_WARN_UNUSED_VARIABLE = YES;
				IPHONEOS_DEPLOYMENT_TARGET = 10.2;
				MTL_ENABLE_DEBUG_INFO = NO;
				SDKROOT = iphoneos;
				VALIDATE_PRODUCT = YES;
			};
			name = Release;
		};
		46D617D11E5B2447006FB9B6 /* Debug */ = {
			isa = XCBuildConfiguration;
			baseConfigurationReference = 3E028F0D6BCDEBFDA2FB7405 /* Pods-YInkeLiveDemo.debug.xcconfig */;
			buildSettings = {
				ASSETCATALOG_COMPILER_APPICON_NAME = AppIcon;
				DEVELOPMENT_TEAM = WVNBUP4CB4;
				FRAMEWORK_SEARCH_PATHS = (
					"$(inherited)",
					"$(PROJECT_DIR)/YInkeLiveDemo",
				);
				GCC_PREFIX_HEADER = YInkeLiveDemo/YInkeLiveDemo.pch;
				INFOPLIST_FILE = YInkeLiveDemo/Info.plist;
				LD_RUNPATH_SEARCH_PATHS = "$(inherited) @executable_path/Frameworks";
				PRODUCT_BUNDLE_IDENTIFIER = com.yxw.YInkeLiveDemo;
				PRODUCT_NAME = "$(TARGET_NAME)";
			};
			name = Debug;
		};
		46D617D21E5B2447006FB9B6 /* Release */ = {
			isa = XCBuildConfiguration;
			baseConfigurationReference = 3BBC165137058DD20E126BE0 /* Pods-YInkeLiveDemo.release.xcconfig */;
			buildSettings = {
				ASSETCATALOG_COMPILER_APPICON_NAME = AppIcon;
				DEVELOPMENT_TEAM = WVNBUP4CB4;
				FRAMEWORK_SEARCH_PATHS = (
					"$(inherited)",
					"$(PROJECT_DIR)/YInkeLiveDemo",
				);
				GCC_PREFIX_HEADER = YInkeLiveDemo/YInkeLiveDemo.pch;
				INFOPLIST_FILE = YInkeLiveDemo/Info.plist;
				LD_RUNPATH_SEARCH_PATHS = "$(inherited) @executable_path/Frameworks";
				PRODUCT_BUNDLE_IDENTIFIER = com.yxw.YInkeLiveDemo;
				PRODUCT_NAME = "$(TARGET_NAME)";
			};
			name = Release;
		};
/* End XCBuildConfiguration section */

/* Begin XCConfigurationList section */
		46D617B41E5B2447006FB9B6 /* Build configuration list for PBXProject "YInkeLiveDemo" */ = {
			isa = XCConfigurationList;
			buildConfigurations = (
				46D617CE1E5B2447006FB9B6 /* Debug */,
				46D617CF1E5B2447006FB9B6 /* Release */,
			);
			defaultConfigurationIsVisible = 0;
			defaultConfigurationName = Release;
		};
		46D617D01E5B2447006FB9B6 /* Build configuration list for PBXNativeTarget "YInkeLiveDemo" */ = {
			isa = XCConfigurationList;
			buildConfigurations = (
				46D617D11E5B2447006FB9B6 /* Debug */,
				46D617D21E5B2447006FB9B6 /* Release */,
			);
			defaultConfigurationIsVisible = 0;
			defaultConfigurationName = Release;
		};
/* End XCConfigurationList section */
	};
	rootObject = 46D617B11E5B2447006FB9B6 /* Project object */;
}
